<?xml version="1.0" encoding="utf-8"?>
<Project ToolsVersion="4.0" xmlns="http://schemas.microsoft.com/developer/msbuild/2003">
  <ItemGroup>
    <Filter Include="Source Files">
      <UniqueIdentifier>{4FC737F1-C7A5-4376-A066-2A32D752A2FF}</UniqueIdentifier>
      <Extensions>cpp;c;cc;cxx;def;odl;idl;hpj;bat;asm;asmx</Extensions>
    </Filter>
    <Filter Include="Header Files">
      <UniqueIdentifier>{93995380-89BD-4b04-88EB-625FBE52EBFB}</UniqueIdentifier>
      <Extensions>h;hh;hpp;hxx;hm;inl;inc;xsd</Extensions>
    </Filter>
    <Filter Include="Resource Files">
      <UniqueIdentifier>{67DA6AB6-F800-4c08-8B7A-83BB121AAD01}</UniqueIdentifier>
      <Extensions>rc;ico;cur;bmp;dlg;rc2;rct;bin;rgs;gif;jpg;jpeg;jpe;resx;tiff;tif;png;wav;mfcribbon-ms</Extensions>
    </Filter>
    <Filter Include="Source Files\Game Mode States">
      <UniqueIdentifier>{04213a8d-a3d0-41fa-98be-77158d2e83c7}</UniqueIdentifier>
    </Filter>
    <Filter Include="Header Files\Game Mode States">
      <UniqueIdentifier>{ba27d87a-1405-4a54-910a-5509f3b349a2}</UniqueIdentifier>
    </Filter>
    <Filter Include="Header Files\AI Behaviours">
      <UniqueIdentifier>{339e928f-bed6-4669-8347-6a7a88b352f8}</UniqueIdentifier>
    </Filter>
    <Filter Include="Source Files\AI Behaviours">
      <UniqueIdentifier>{65fb9f77-ef98-4ba8-b2f3-092f5511cda7}</UniqueIdentifier>
    </Filter>
  </ItemGroup>
  <ItemGroup>
    <ClCompile Include="Application2D.cpp">
      <Filter>Source Files</Filter>
    </ClCompile>
    <ClCompile Include="main.cpp">
      <Filter>Source Files</Filter>
    </ClCompile>
    <ClCompile Include="StateMachine.cpp">
      <Filter>Source Files</Filter>
    </ClCompile>
    <ClCompile Include="State.cpp">
      <Filter>Source Files</Filter>
    </ClCompile>
    <ClCompile Include="Battle.cpp">
      <Filter>Source Files\Game Mode States</Filter>
    </ClCompile>
    <ClCompile Include="GameOver.cpp">
      <Filter>Source Files\Game Mode States</Filter>
    </ClCompile>
    <ClCompile Include="MainMenu.cpp">
      <Filter>Source Files\Game Mode States</Filter>
    </ClCompile>
    <ClCompile Include="VictoryScreen.cpp">
      <Filter>Source Files\Game Mode States</Filter>
    </ClCompile>
    <ClCompile Include="Creature.cpp">
      <Filter>Source Files</Filter>
    </ClCompile>
    <ClCompile Include="Attack.cpp">
      <Filter>Source Files</Filter>
    </ClCompile>
    <ClCompile Include="GameModeState.cpp">
      <Filter>Source Files\Game Mode States</Filter>
    </ClCompile>
    <ClCompile Include="GameModeStateMachine.cpp">
      <Filter>Source Files</Filter>
    </ClCompile>
    <ClCompile Include="Agent.cpp">
      <Filter>Source Files</Filter>
    </ClCompile>
    <ClCompile Include="MessageBar.cpp">
      <Filter>Source Files</Filter>
    </ClCompile>
    <ClCompile Include="AgentAI.cpp">
      <Filter>Source Files</Filter>
    </ClCompile>
    <ClCompile Include="AgentHuman.cpp">
      <Filter>Source Files</Filter>
    </ClCompile>
    <ClCompile Include="Behaviour.cpp">
      <Filter>Source Files</Filter>
    </ClCompile>
    <ClCompile Include="PickRandom.cpp">
      <Filter>Source Files\AI Behaviours</Filter>
    </ClCompile>
    <ClCompile Include="PickFirstOption.cpp">
      <Filter>Source Files\AI Behaviours</Filter>
    </ClCompile>
    <ClCompile Include="MaximizeDamage.cpp">
      <Filter>Source Files\AI Behaviours</Filter>
    </ClCompile>
    <ClCompile Include="MaximizeDamagePercent.cpp">
      <Filter>Source Files\AI Behaviours</Filter>
    </ClCompile>
  </ItemGroup>
  <ItemGroup>
    <ClInclude Include="Application2D.h">
      <Filter>Header Files</Filter>
    </ClInclude>
    <ClInclude Include="StateMachine.h">
      <Filter>Header Files</Filter>
    </ClInclude>
    <ClInclude Include="State.h">
      <Filter>Header Files</Filter>
    </ClInclude>
    <ClInclude Include="Battle.h">
      <Filter>Header Files\Game Mode States</Filter>
    </ClInclude>
    <ClInclude Include="GameOver.h">
      <Filter>Header Files\Game Mode States</Filter>
    </ClInclude>
    <ClInclude Include="MainMenu.h">
      <Filter>Header Files\Game Mode States</Filter>
    </ClInclude>
    <ClInclude Include="VictoryScreen.h">
      <Filter>Header Files\Game Mode States</Filter>
    </ClInclude>
    <ClInclude Include="Attack.h">
      <Filter>Header Files</Filter>
    </ClInclude>
    <ClInclude Include="Creature.h">
      <Filter>Header Files</Filter>
    </ClInclude>
    <ClInclude Include="GameModeState.h">
      <Filter>Header Files\Game Mode States</Filter>
    </ClInclude>
    <ClInclude Include="GameModeStateMachine.h">
      <Filter>Header Files</Filter>
    </ClInclude>
    <ClInclude Include="Agent.h">
      <Filter>Header Files</Filter>
    </ClInclude>
    <ClInclude Include="MessageBar.h">
      <Filter>Header Files</Filter>
    </ClInclude>
    <ClInclude Include="MenuBox.h">
      <Filter>Header Files</Filter>
    </ClInclude>
    <ClInclude Include="AgentAI.h">
      <Filter>Header Files</Filter>
    </ClInclude>
    <ClInclude Include="AgentHuman.h">
      <Filter>Header Files</Filter>
    </ClInclude>
    <ClInclude Include="Behaviour.h">
      <Filter>Header Files</Filter>
    </ClInclude>
    <ClInclude Include="PickFirstOption.h">
      <Filter>Header Files\AI Behaviours</Filter>
    </ClInclude>
    <ClInclude Include="PickRandom.h">
      <Filter>Header Files\AI Behaviours</Filter>
    </ClInclude>
    <ClInclude Include="MaximizeDamage.h">
      <Filter>Header Files\AI Behaviours</Filter>
    </ClInclude>
    <ClInclude Include="MaximizeDamagePercent.h">
      <Filter>Header Files\AI Behaviours</Filter>
    </ClInclude>
  </ItemGroup>
</Project>